
Microsoft Visual Studio Solution File, Format Version 12.00
# Visual Studio Version 17
VisualStudioVersion = 17.1.32421.90
MinimumVisualStudioVersion = 10.0.40219.1
Project("{FAE04EC0-301F-11D3-BF4B-00C04F79EFBC}") = "UserRegistration", "UserRegistration\UserRegistration.csproj", "{F420C7E9-9DAA-4277-9C8F-89BF24762955}"
EndProject
Global
	GlobalSection(SolutionConfigurationPlatforms) = preSolution
		Debug|Any CPU = Debug|Any CPU
		Release|Any CPU = Release|Any CPU
	EndGlobalSection
	GlobalSection(ProjectConfigurationPlatforms) = postSolution
		{F420C7E9-9DAA-4277-9C8F-89BF24762955}.Debug|Any CPU.ActiveCfg = Debug|Any CPU
		{F420C7E9-9DAA-4277-9C8F-89BF24762955}.Debug|Any CPU.Build.0 = Debug|Any CPU
		{F420C7E9-9DAA-4277-9C8F-89BF24762955}.Release|Any CPU.ActiveCfg = Release|Any CPU
		{F420C7E9-9DAA-4277-9C8F-89BF24762955}.Release|Any CPU.Build.0 = Release|Any CPU
	EndGlobalSection
	GlobalSection(SolutionProperties) = preSolution
		HideSolutionNode = FALSE
	EndGlobalSection
	GlobalSection(ExtensibilityGlobals) = postSolution
		SolutionGuid = {E341CAF1-870D-4F5C-9337-F1A0E38F5C31}
	EndGlobalSection
EndGlobal
